
Microsoft Visual Studio Solution File, Format Version 12.00
# Visual Studio 15
VisualStudioVersion = 15.0.28010.2026
MinimumVisualStudioVersion = 10.0.40219.1
Project("{FAE04EC0-301F-11D3-BF4B-00C04F79EFBC}") = "GamingPlatform", "GamingPlatform\GamingPlatform.csproj", "{BD5D96E6-D5A1-4E59-9223-2C04A48DCA15}"
EndProject
Global
	GlobalSection(SolutionConfigurationPlatforms) = preSolution
		Debug|Any CPU = Debug|Any CPU
		Release|Any CPU = Release|Any CPU
	EndGlobalSection
	GlobalSection(ProjectConfigurationPlatforms) = postSolution
		{BD5D96E6-D5A1-4E59-9223-2C04A48DCA15}.Debug|Any CPU.ActiveCfg = Debug|Any CPU
		{BD5D96E6-D5A1-4E59-9223-2C04A48DCA15}.Debug|Any CPU.Build.0 = Debug|Any CPU
		{BD5D96E6-D5A1-4E59-9223-2C04A48DCA15}.Release|Any CPU.ActiveCfg = Release|Any CPU
		{BD5D96E6-D5A1-4E59-9223-2C04A48DCA15}.Release|Any CPU.Build.0 = Release|Any CPU
	EndGlobalSection
	GlobalSection(SolutionProperties) = preSolution
		HideSolutionNode = FALSE
	EndGlobalSection
	GlobalSection(ExtensibilityGlobals) = postSolution
		SolutionGuid = {3095751D-2168-491F-B8BF-30D6A80C2B1E}
	EndGlobalSection
EndGlobal
